
Microsoft Visual Studio Solution File, Format Version 12.00
# Visual Studio Version 17
VisualStudioVersion = 17.0.31912.275
MinimumVisualStudioVersion = 10.0.40219.1
Project("{9A19103F-16F7-4668-BE54-9A1E7A4F7556}") = "FlightPlanner", "FlightPlanner.csproj", "{F1B68A9B-6397-4807-913D-4F41728887E9}"
EndProject
Project("{FAE04EC0-301F-11D3-BF4B-00C04F79EFBC}") = "FlightPlanner.Core", "..\FlightPlanner.Core\FlightPlanner.Core.csproj", "{2D69B7BB-65FF-49E8-9157-AC5AE64B80F6}"
EndProject
Project("{FAE04EC0-301F-11D3-BF4B-00C04F79EFBC}") = "FlightPlanner.Data", "..\FlightPlanner.Data\FlightPlanner.Data.csproj", "{50D8D64A-85FE-4F00-A555-C199DF29D6F8}"
EndProject
Project("{FAE04EC0-301F-11D3-BF4B-00C04F79EFBC}") = "FlightPlanner.Services", "..\FlightPlanner.Services\FlightPlanner.Services.csproj", "{19431DD0-D61F-49EC-8D81-6A42CD30A5EA}"
EndProject
Global
	GlobalSection(SolutionConfigurationPlatforms) = preSolution
		Debug|Any CPU = Debug|Any CPU
		Release|Any CPU = Release|Any CPU
	EndGlobalSection
	GlobalSection(ProjectConfigurationPlatforms) = postSolution
		{F1B68A9B-6397-4807-913D-4F41728887E9}.Debug|Any CPU.ActiveCfg = Debug|Any CPU
		{F1B68A9B-6397-4807-913D-4F41728887E9}.Debug|Any CPU.Build.0 = Debug|Any CPU
		{F1B68A9B-6397-4807-913D-4F41728887E9}.Release|Any CPU.ActiveCfg = Release|Any CPU
		{F1B68A9B-6397-4807-913D-4F41728887E9}.Release|Any CPU.Build.0 = Release|Any CPU
		{2D69B7BB-65FF-49E8-9157-AC5AE64B80F6}.Debug|Any CPU.ActiveCfg = Debug|Any CPU
		{2D69B7BB-65FF-49E8-9157-AC5AE64B80F6}.Debug|Any CPU.Build.0 = Debug|Any CPU
		{2D69B7BB-65FF-49E8-9157-AC5AE64B80F6}.Release|Any CPU.ActiveCfg = Release|Any CPU
		{2D69B7BB-65FF-49E8-9157-AC5AE64B80F6}.Release|Any CPU.Build.0 = Release|Any CPU
		{50D8D64A-85FE-4F00-A555-C199DF29D6F8}.Debug|Any CPU.ActiveCfg = Debug|Any CPU
		{50D8D64A-85FE-4F00-A555-C199DF29D6F8}.Debug|Any CPU.Build.0 = Debug|Any CPU
		{50D8D64A-85FE-4F00-A555-C199DF29D6F8}.Release|Any CPU.ActiveCfg = Release|Any CPU
		{50D8D64A-85FE-4F00-A555-C199DF29D6F8}.Release|Any CPU.Build.0 = Release|Any CPU
		{19431DD0-D61F-49EC-8D81-6A42CD30A5EA}.Debug|Any CPU.ActiveCfg = Debug|Any CPU
		{19431DD0-D61F-49EC-8D81-6A42CD30A5EA}.Debug|Any CPU.Build.0 = Debug|Any CPU
		{19431DD0-D61F-49EC-8D81-6A42CD30A5EA}.Release|Any CPU.ActiveCfg = Release|Any CPU
		{19431DD0-D61F-49EC-8D81-6A42CD30A5EA}.Release|Any CPU.Build.0 = Release|Any CPU
	EndGlobalSection
	GlobalSection(SolutionProperties) = preSolution
		HideSolutionNode = FALSE
	EndGlobalSection
	GlobalSection(ExtensibilityGlobals) = postSolution
		SolutionGuid = {14A947D3-2759-4378-A11C-AA2F3F419695}
	EndGlobalSection
EndGlobal
